<?xml version="1.0" encoding="UTF-8" standalone="yes" ?>
<CodeBlocks_project_file>
	<FileVersion major="1" minor="6" />
	<Project>
		<Option title="ComputerSciencProject" />
		<Option pch_mode="2" />
		<Option compiler="gcc" />
		<Build>
			<Target title="Debug">
				<Option output="bin/Debug/ComputerSciencProject" prefix_auto="1" extension_auto="1" />
				<Option object_output="obj/Debug/" />
				<Option type="1" />
				<Option compiler="gcc" />
				<Compiler>
					<Add option="-std=c++11" />
					<Add option="-g" />
					<Add directory="src/" />
					<Add directory="src/Engine" />
					<Add directory="include" />
				</Compiler>
				<Linker>
					<Add option="-lsdl2" />
					<Add option="-lsdl2main" />
					<Add option="-lglu32" />
					<Add option="-lopengl32" />
					<Add option="-lgdi32" />
					<Add directory="lib" />
				</Linker>
			</Target>
			<Target title="Release">
				<Option output="bin/Release/ComputerSciencProject" prefix_auto="1" extension_auto="1" />
				<Option object_output="obj/Release/" />
				<Option type="1" />
				<Option compiler="gcc" />
				<Compiler>
					<Add option="-O2" />
					<Add option="-std=c++11" />
					<Add directory="include" />
					<Add directory="src/Engine" />
				</Compiler>
				<Linker>
					<Add option="-s" />
				</Linker>
			</Target>
		</Build>
		<Compiler>
			<Add option="-Wall" />
		</Compiler>
		<Unit filename="include/UGame_ComputerSciencProject.h" />
		<Unit filename="include/UInput.h" />
		<Unit filename="src/Engine/AActor.cpp" />
		<Unit filename="src/Engine/AActor.h" />
		<Unit filename="src/Engine/FTransform2D.cpp" />
		<Unit filename="src/Engine/FTransform2D.h" />
		<Unit filename="src/Engine/UGame.cpp" />
		<Unit filename="src/Engine/UGame.h" />
		<Unit filename="src/Engine/ULog.cpp" />
		<Unit filename="src/Engine/ULog.h" />
		<Unit filename="src/Engine/UObject.cpp" />
		<Unit filename="src/Engine/UObject.h" />
		<Unit filename="src/Engine/UWindow.cpp" />
		<Unit filename="src/Engine/UWindow.h" />
		<Unit filename="src/Engine/UWorld.cpp" />
		<Unit filename="src/Engine/UWorld.h" />
		<Unit filename="src/Main.cpp" />
		<Unit filename="src/UGame_ComputerSciencProject.cpp" />
		<Unit filename="src/UInput.cpp" />
		<Unit filename="src/UWorld_Game.cpp" />
		<Unit filename="src/UWorld_Game.h" />
		<Extensions>
			<code_completion />
			<envvars />
			<debugger />
		</Extensions>
	</Project>
</CodeBlocks_project_file>
